
Microsoft Visual Studio Solution File, Format Version 12.00
# Visual Studio Version 17
VisualStudioVersion = 17.4.33205.214
MinimumVisualStudioVersion = 10.0.40219.1
Project("{2150E333-8FDC-42A3-9474-1A3956D46DE8}") = "Mediator", "Mediator", "{111E5116-8E3F-4299-920B-08792D70555B}"
EndProject
Project("{9A19103F-16F7-4668-BE54-9A1E7A4F7556}") = "DesignPattern.Mediator", "MediatorDesignPattern\DesignPattern.Mediator\DesignPattern.Mediator.csproj", "{CFC66B38-FE77-4032-AF81-0C5E2AA73D6B}"
EndProject
Global
	GlobalSection(SolutionConfigurationPlatforms) = preSolution
		Debug|Any CPU = Debug|Any CPU
		Release|Any CPU = Release|Any CPU
	EndGlobalSection
	GlobalSection(ProjectConfigurationPlatforms) = postSolution
		{CFC66B38-FE77-4032-AF81-0C5E2AA73D6B}.Debug|Any CPU.ActiveCfg = Debug|Any CPU
		{CFC66B38-FE77-4032-AF81-0C5E2AA73D6B}.Debug|Any CPU.Build.0 = Debug|Any CPU
		{CFC66B38-FE77-4032-AF81-0C5E2AA73D6B}.Release|Any CPU.ActiveCfg = Release|Any CPU
		{CFC66B38-FE77-4032-AF81-0C5E2AA73D6B}.Release|Any CPU.Build.0 = Release|Any CPU
	EndGlobalSection
	GlobalSection(SolutionProperties) = preSolution
		HideSolutionNode = FALSE
	EndGlobalSection
	GlobalSection(NestedProjects) = preSolution
		{CFC66B38-FE77-4032-AF81-0C5E2AA73D6B} = {111E5116-8E3F-4299-920B-08792D70555B}
	EndGlobalSection
	GlobalSection(ExtensibilityGlobals) = postSolution
		SolutionGuid = {7FBF48F3-A79A-42BE-9FEC-1519FBF40EF3}
	EndGlobalSection
EndGlobal
